
Microsoft Visual Studio Solution File, Format Version 12.00
# Visual Studio 15
VisualStudioVersion = 15.0.28010.2048
MinimumVisualStudioVersion = 10.0.40219.1
Project("{FAE04EC0-301F-11D3-BF4B-00C04F79EFBC}") = "Cardcom", "Cardcom\Cardcom.csproj", "{7688A96A-E03B-4191-956B-FC0D49771A65}"
EndProject
Global
	GlobalSection(SolutionConfigurationPlatforms) = preSolution
		Debug|Any CPU = Debug|Any CPU
		Release|Any CPU = Release|Any CPU
	EndGlobalSection
	GlobalSection(ProjectConfigurationPlatforms) = postSolution
		{7688A96A-E03B-4191-956B-FC0D49771A65}.Debug|Any CPU.ActiveCfg = Debug|Any CPU
		{7688A96A-E03B-4191-956B-FC0D49771A65}.Debug|Any CPU.Build.0 = Debug|Any CPU
		{7688A96A-E03B-4191-956B-FC0D49771A65}.Release|Any CPU.ActiveCfg = Release|Any CPU
		{7688A96A-E03B-4191-956B-FC0D49771A65}.Release|Any CPU.Build.0 = Release|Any CPU
	EndGlobalSection
	GlobalSection(SolutionProperties) = preSolution
		HideSolutionNode = FALSE
	EndGlobalSection
	GlobalSection(ExtensibilityGlobals) = postSolution
		SolutionGuid = {B7329372-E4DB-48FE-B299-AB9785A8AF37}
	EndGlobalSection
EndGlobal
